{
  "requires": true,
  "lockfileVersion": 1,
  "dependencies": {
    "gitbook-plugin-betterchinese": {
      "version": "0.0.1",
      "resolved": "https://registry.npmjs.org/gitbook-plugin-betterchinese/-/gitbook-plugin-betterchinese-0.0.1.tgz",
      "integrity": "sha1-0DJF1ZhA87K0kwe6efyhYBwt0Ds="
    },
    "graceful-fs": {
      "version": "4.2.8",
      "resolved": "https://registry.npmjs.org/graceful-fs/-/graceful-fs-4.2.8.tgz",
      "integrity": "sha512-qkIilPUYcNhJpd33n0GBXTB1MMPp14TxEsEs0pTrsSVucApsYzW5V+Q8Qxhik6KU3evy+qkAAowTByymK0avdg==",
      "dev": true
    }
  }
}
